
Microsoft Visual Studio Solution File, Format Version 12.00
# Visual Studio Version 16
VisualStudioVersion = 16.0.32407.337
MinimumVisualStudioVersion = 10.0.40219.1
Project("{FAE04EC0-301F-11D3-BF4B-00C04F79EFBC}") = "WcfServiceLibrary", "WcfServiceLibrary\WcfServiceLibrary.csproj", "{E0095BBE-5B0B-42EA-AF9C-C549D7F39C8E}"
EndProject
Project("{FAE04EC0-301F-11D3-BF4B-00C04F79EFBC}") = "WindowsFormsApp1", "WindowsFormsApp1\WindowsFormsApp1.csproj", "{7AB503AA-5BD6-4C28-B8D0-3C6A85716136}"
	ProjectSection(ProjectDependencies) = postProject
		{E0095BBE-5B0B-42EA-AF9C-C549D7F39C8E} = {E0095BBE-5B0B-42EA-AF9C-C549D7F39C8E}
	EndProjectSection
EndProject
Global
	GlobalSection(SolutionConfigurationPlatforms) = preSolution
		Debug|Any CPU = Debug|Any CPU
		Release|Any CPU = Release|Any CPU
	EndGlobalSection
	GlobalSection(ProjectConfigurationPlatforms) = postSolution
		{E0095BBE-5B0B-42EA-AF9C-C549D7F39C8E}.Debug|Any CPU.ActiveCfg = Debug|Any CPU
		{E0095BBE-5B0B-42EA-AF9C-C549D7F39C8E}.Debug|Any CPU.Build.0 = Debug|Any CPU
		{E0095BBE-5B0B-42EA-AF9C-C549D7F39C8E}.Release|Any CPU.ActiveCfg = Release|Any CPU
		{E0095BBE-5B0B-42EA-AF9C-C549D7F39C8E}.Release|Any CPU.Build.0 = Release|Any CPU
		{7AB503AA-5BD6-4C28-B8D0-3C6A85716136}.Debug|Any CPU.ActiveCfg = Debug|Any CPU
		{7AB503AA-5BD6-4C28-B8D0-3C6A85716136}.Debug|Any CPU.Build.0 = Debug|Any CPU
		{7AB503AA-5BD6-4C28-B8D0-3C6A85716136}.Release|Any CPU.ActiveCfg = Release|Any CPU
		{7AB503AA-5BD6-4C28-B8D0-3C6A85716136}.Release|Any CPU.Build.0 = Release|Any CPU
	EndGlobalSection
	GlobalSection(SolutionProperties) = preSolution
		HideSolutionNode = FALSE
	EndGlobalSection
	GlobalSection(ExtensibilityGlobals) = postSolution
		SolutionGuid = {2A077340-B19B-4754-A1E6-FBF6B8453E0B}
	EndGlobalSection
EndGlobal
